
Microsoft Visual Studio Solution File, Format Version 12.00
# Visual Studio Version 17
VisualStudioVersion = 17.6.33815.320
MinimumVisualStudioVersion = 10.0.40219.1
Project("{FAE04EC0-301F-11D3-BF4B-00C04F79EFBC}") = "ErstesProjekt", "ErstesProjekt\ErstesProjekt.csproj", "{F353B77E-26AF-4EB5-91BB-8DED9BA1A026}"
EndProject
Global
	GlobalSection(SolutionConfigurationPlatforms) = preSolution
		Debug|Any CPU = Debug|Any CPU
		Release|Any CPU = Release|Any CPU
	EndGlobalSection
	GlobalSection(ProjectConfigurationPlatforms) = postSolution
		{F353B77E-26AF-4EB5-91BB-8DED9BA1A026}.Debug|Any CPU.ActiveCfg = Debug|Any CPU
		{F353B77E-26AF-4EB5-91BB-8DED9BA1A026}.Debug|Any CPU.Build.0 = Debug|Any CPU
		{F353B77E-26AF-4EB5-91BB-8DED9BA1A026}.Release|Any CPU.ActiveCfg = Release|Any CPU
		{F353B77E-26AF-4EB5-91BB-8DED9BA1A026}.Release|Any CPU.Build.0 = Release|Any CPU
	EndGlobalSection
	GlobalSection(SolutionProperties) = preSolution
		HideSolutionNode = FALSE
	EndGlobalSection
	GlobalSection(ExtensibilityGlobals) = postSolution
		SolutionGuid = {0659D5CE-2C67-45BF-9BA4-791F1F9D0CC6}
	EndGlobalSection
EndGlobal
